{
  "version": 4,
  "terraform_version": "1.13.0",
  "serial": 4,
  "lineage": "14e30ac4-597e-7614-7a6f-118660154751",
  "outputs": {
    "vm_id": {
      "value": 301,
      "type": "number"
    },
    "vm_ipv4_address": {
      "value": "",
      "type": "string"
    },
    "vm_name": {
      "value": "debian-vm-01",
      "type": "string"
    },
    "vm_ssh_host": {
      "value": "",
      "type": "string"
    }
  },
  "resources": [
    {
      "mode": "managed",
      "type": "proxmox_virtual_environment_vm",
      "name": "debian_vm",
      "provider": "provider[\"registry.terraform.io/bpg/proxmox\"]",
      "instances": [
        {
          "schema_version": 0,
          "attributes": {
            "acpi": true,
            "agent": [
              {
                "enabled": true,
                "timeout": "15m",
                "trim": false,
                "type": "virtio"
              }
            ],
            "amd_sev": [],
            "audio_device": [],
            "bios": "seabios",
            "boot_order": null,
            "cdrom": [],
            "clone": [
              {
                "datastore_id": "",
                "full": true,
                "node_name": "",
                "retries": 1,
                "vm_id": 902
              }
            ],
            "cpu": [
              {
                "affinity": "",
                "architecture": "",
                "cores": 4,
                "flags": null,
                "hotplugged": 0,
                "limit": 0,
                "numa": false,
                "sockets": 1,
                "type": "qemu64",
                "units": 1024
              }
            ],
            "description": null,
            "disk": [],
            "efi_disk": [],
            "hook_script_file_id": null,
            "hostpci": [],
            "id": "301",
            "initialization": [
              {
                "datastore_id": "data",
                "dns": [
                  {
                    "domain": "fritz.box",
                    "servers": [
                      "192.168.178.1"
                    ]
                  }
                ],
                "interface": "ide0",
                "ip_config": [
                  {
                    "ipv4": [
                      {
                        "address": "dhcp",
                        "gateway": ""
                      }
                    ],
                    "ipv6": []
                  }
                ],
                "meta_data_file_id": "",
                "network_data_file_id": "",
                "type": "",
                "user_account": [
                  {
                    "keys": [
                      "ssh-rsa AAAAB3NzaC1yc2EAAAADAQABAAACAQCa7rARd0MiXcM+/FFMk3hpNlThZ/xvc8oYroWQdL49SwASpA8gKtZTjfZDE8tTb3zd34gdmA28Hc6SEe/k8kdbLEqCtQi5G5BgOFzNUFW/RuxzGhUG13i3aBUyCw9RL24ZvtSg/g5cJNu2JVjhOQfT3SLkU5SoIcnjZ0ZwZcqA9LiKzraSL3M49sbR00ETdVQ0ddvAUtpzxvSPiFDQ0tOvU8omBc+YfZhnDs1zU2l2uMms/nVzOhPxpAupWz2dkGhLNAEJyOpFm2bclP0FzUoQYbe6lsFpeR3Qg6G6RlJI1wEAcpPcORN8w/miGiMNZdTMkC7OZ6dPDVwr7gEx5Q2DjKOC8EphAGL0YPHhpfd+0Y/qc26vhD1GG6AtishxnMNfIJ4MbqEMFLwcCgjpRKr5lqNqOlygRZnugZ3gPQuPtLuQz+YWvZiys1AeKDmeToira8NluXLpGyaJEYVcAK9PSflpNfLL+/Nhuc+6WnZVKyQswVeI/qfWGL9II9ql9IjYnOJk2WLxFG3TYZTEIneLj1yT+fZjDwDWh3JrgJwvfkwAxOUEEK0bGZ/nWmKYkgUOoTAw4MZNJ26YjmNl7K1Hin8v7VzrMnZfysv/CmrcBXGe8FLHSJuwBPrn2uzRbA4nSnG7t9rTbwfEqz3LafDdCI4LC4vOnAvQSrBgiFoYfQ== ubuntu@packer-build"
                    ],
                    "password": "**********",
                    "username": "debian"
                  }
                ],
                "user_data_file_id": "",
                "vendor_data_file_id": ""
              }
            ],
            "ipv4_addresses": [
              [
                "127.0.0.1"
              ],
              []
            ],
            "ipv6_addresses": [
              [
                "::1"
              ],
              [
                "fddf:2c67:4a48:0:ed68:4f0:9a7c:bb07",
                "fe80::d954:ae72:f8f:3ae8"
              ]
            ],
            "keyboard_layout": "en-us",
            "kvm_arguments": null,
            "mac_addresses": [
              "00:00:00:00:00:00",
              "BC:24:11:AC:3E:07"
            ],
            "machine": null,
            "memory": [
              {
                "dedicated": 4096,
                "floating": 0,
                "hugepages": "",
                "keep_hugepages": false,
                "shared": 0
              }
            ],
            "migrate": false,
            "name": "debian-vm-01",
            "network_device": [
              {
                "bridge": "vmbr0",
                "disconnected": false,
                "enabled": true,
                "firewall": false,
                "mac_address": "BC:24:11:AC:3E:07",
                "model": "virtio",
                "mtu": 0,
                "queues": 0,
                "rate_limit": 0,
                "trunks": "",
                "vlan_id": 0
              }
            ],
            "network_interface_names": [
              "lo",
              "eth0"
            ],
            "node_name": "pve",
            "numa": [],
            "on_boot": true,
            "operating_system": [],
            "pool_id": null,
            "protection": false,
            "reboot": false,
            "reboot_after_update": true,
            "rng": [],
            "scsi_hardware": "virtio-scsi-pci",
            "serial_device": [],
            "smbios": [],
            "started": true,
            "startup": [],
            "stop_on_destroy": false,
            "tablet_device": true,
            "tags": null,
            "template": false,
            "timeout_clone": 1800,
            "timeout_create": 1800,
            "timeout_migrate": 1800,
            "timeout_move_disk": 1800,
            "timeout_reboot": 1800,
            "timeout_shutdown_vm": 1800,
            "timeout_start_vm": 1800,
            "timeout_stop_vm": 300,
            "tpm_state": [],
            "usb": [],
            "vga": [],
            "virtiofs": [],
            "vm_id": 301,
            "watchdog": []
          },
          "sensitive_attributes": [
            [
              {
                "type": "get_attr",
                "value": "initialization"
              },
              {
                "type": "index",
                "value": {
                  "value": 0,
                  "type": "number"
                }
              },
              {
                "type": "get_attr",
                "value": "user_account"
              },
              {
                "type": "index",
                "value": {
                  "value": 0,
                  "type": "number"
                }
              },
              {
                "type": "get_attr",
                "value": "password"
              }
            ]
          ],
          "identity_schema_version": 0,
          "private": "bnVsbA=="
        }
      ]
    }
  ],
  "check_results": null
}
